
Microsoft Visual Studio Solution File, Format Version 12.00
# Visual Studio Version 17
VisualStudioVersion = 17.4.33205.214
MinimumVisualStudioVersion = 10.0.40219.1
Project("{FAE04EC0-301F-11D3-BF4B-00C04F79EFBC}") = "Lab01", "Lab01\Lab01.csproj", "{DC7B6784-3409-495F-93FB-BF4273E58EAA}"
EndProject
Global
	GlobalSection(SolutionConfigurationPlatforms) = preSolution
		Debug|Any CPU = Debug|Any CPU
		Release|Any CPU = Release|Any CPU
	EndGlobalSection
	GlobalSection(ProjectConfigurationPlatforms) = postSolution
		{DC7B6784-3409-495F-93FB-BF4273E58EAA}.Debug|Any CPU.ActiveCfg = Debug|Any CPU
		{DC7B6784-3409-495F-93FB-BF4273E58EAA}.Debug|Any CPU.Build.0 = Debug|Any CPU
		{DC7B6784-3409-495F-93FB-BF4273E58EAA}.Release|Any CPU.ActiveCfg = Release|Any CPU
		{DC7B6784-3409-495F-93FB-BF4273E58EAA}.Release|Any CPU.Build.0 = Release|Any CPU
	EndGlobalSection
	GlobalSection(SolutionProperties) = preSolution
		HideSolutionNode = FALSE
	EndGlobalSection
	GlobalSection(ExtensibilityGlobals) = postSolution
		SolutionGuid = {830F34F4-6C7D-4B3C-A43F-2CD5AF5ED5CB}
	EndGlobalSection
EndGlobal
